
Microsoft Visual Studio Solution File, Format Version 12.00
# Visual Studio Version 17
VisualStudioVersion = 17.3.32825.248
MinimumVisualStudioVersion = 10.0.40219.1
Project("{FAE04EC0-301F-11D3-BF4B-00C04F79EFBC}") = "Server_3", "Server_3\Server_3.csproj", "{864233B5-E62E-4749-9E28-3E3BA5968822}"
EndProject
Global
	GlobalSection(SolutionConfigurationPlatforms) = preSolution
		Debug|Any CPU = Debug|Any CPU
		Release|Any CPU = Release|Any CPU
	EndGlobalSection
	GlobalSection(ProjectConfigurationPlatforms) = postSolution
		{864233B5-E62E-4749-9E28-3E3BA5968822}.Debug|Any CPU.ActiveCfg = Debug|Any CPU
		{864233B5-E62E-4749-9E28-3E3BA5968822}.Debug|Any CPU.Build.0 = Debug|Any CPU
		{864233B5-E62E-4749-9E28-3E3BA5968822}.Release|Any CPU.ActiveCfg = Release|Any CPU
		{864233B5-E62E-4749-9E28-3E3BA5968822}.Release|Any CPU.Build.0 = Release|Any CPU
	EndGlobalSection
	GlobalSection(SolutionProperties) = preSolution
		HideSolutionNode = FALSE
	EndGlobalSection
	GlobalSection(ExtensibilityGlobals) = postSolution
		SolutionGuid = {18B18463-EA82-433D-9F6C-2457A753EEB8}
	EndGlobalSection
EndGlobal
