
Microsoft Visual Studio Solution File, Format Version 12.00
# Visual Studio Version 17
VisualStudioVersion = 17.3.32901.215
MinimumVisualStudioVersion = 10.0.40219.1
Project("{FAE04EC0-301F-11D3-BF4B-00C04F79EFBC}") = "2D game engine v1", "2D game engine v1\2D game engine v1.csproj", "{40A35E1D-02CE-4918-ADE6-CAEBFD2EA664}"
EndProject
Global
	GlobalSection(SolutionConfigurationPlatforms) = preSolution
		Debug|Any CPU = Debug|Any CPU
		Release|Any CPU = Release|Any CPU
	EndGlobalSection
	GlobalSection(ProjectConfigurationPlatforms) = postSolution
		{40A35E1D-02CE-4918-ADE6-CAEBFD2EA664}.Debug|Any CPU.ActiveCfg = Debug|Any CPU
		{40A35E1D-02CE-4918-ADE6-CAEBFD2EA664}.Debug|Any CPU.Build.0 = Debug|Any CPU
		{40A35E1D-02CE-4918-ADE6-CAEBFD2EA664}.Release|Any CPU.ActiveCfg = Release|Any CPU
		{40A35E1D-02CE-4918-ADE6-CAEBFD2EA664}.Release|Any CPU.Build.0 = Release|Any CPU
	EndGlobalSection
	GlobalSection(SolutionProperties) = preSolution
		HideSolutionNode = FALSE
	EndGlobalSection
	GlobalSection(ExtensibilityGlobals) = postSolution
		SolutionGuid = {59AA0D09-9B7E-4F5A-A3CA-009072641F2D}
	EndGlobalSection
EndGlobal
